
Microsoft Visual Studio Solution File, Format Version 12.00
# Visual Studio Version 16
VisualStudioVersion = 16.0.31321.278
MinimumVisualStudioVersion = 10.0.40219.1
Project("{FAE04EC0-301F-11D3-BF4B-00C04F79EFBC}") = "BTL.API", "BTL.API.csproj", "{1B90BE64-B725-4C21-8959-F095D58CA828}"
EndProject
Global
	GlobalSection(SolutionConfigurationPlatforms) = preSolution
		Debug|Any CPU = Debug|Any CPU
		Release|Any CPU = Release|Any CPU
	EndGlobalSection
	GlobalSection(ProjectConfigurationPlatforms) = postSolution
		{1B90BE64-B725-4C21-8959-F095D58CA828}.Debug|Any CPU.ActiveCfg = Debug|Any CPU
		{1B90BE64-B725-4C21-8959-F095D58CA828}.Debug|Any CPU.Build.0 = Debug|Any CPU
		{1B90BE64-B725-4C21-8959-F095D58CA828}.Release|Any CPU.ActiveCfg = Release|Any CPU
		{1B90BE64-B725-4C21-8959-F095D58CA828}.Release|Any CPU.Build.0 = Release|Any CPU
	EndGlobalSection
	GlobalSection(SolutionProperties) = preSolution
		HideSolutionNode = FALSE
	EndGlobalSection
	GlobalSection(ExtensibilityGlobals) = postSolution
		SolutionGuid = {815FE675-CF75-43B5-A5B2-D2BAAEBE0339}
	EndGlobalSection
EndGlobal
